// !$*UTF8*$!
{
	archiveVersion = 1;
	classes = {
	};
	objectVersion = 50;
	objects = {

/* Begin PBXBuildFile section */
		D4A9E8FE243E8DFA001228F7 /* AppDelegate.swift in Sources */ = {isa = PBXBuildFile; fileRef = D4A9E8FD243E8DFA001228F7 /* AppDelegate.swift */; };
		D4A9E900243E8DFA001228F7 /* GameScene.sks in Resources */ = {isa = PBXBuildFile; fileRef = D4A9E8FF243E8DFA001228F7 /* GameScene.sks */; };
		D4A9E902243E8DFA001228F7 /* Actions.sks in Resources */ = {isa = PBXBuildFile; fileRef = D4A9E901243E8DFA001228F7 /* Actions.sks */; };
		D4A9E904243E8DFA001228F7 /* GameScene.swift in Sources */ = {isa = PBXBuildFile; fileRef = D4A9E903243E8DFA001228F7 /* GameScene.swift */; };
		D4A9E906243E8DFB001228F7 /* GameViewController.swift in Sources */ = {isa = PBXBuildFile; fileRef = D4A9E905243E8DFA001228F7 /* GameViewController.swift */; };
		D4A9E909243E8DFB001228F7 /* Main.storyboard in Resources */ = {isa = PBXBuildFile; fileRef = D4A9E907243E8DFB001228F7 /* Main.storyboard */; };
		D4A9E90B243E8E00001228F7 /* Assets.xcassets in Resources */ = {isa = PBXBuildFile; fileRef = D4A9E90A243E8E00001228F7 /* Assets.xcassets */; };
		D4A9E90E243E8E00001228F7 /* LaunchScreen.storyboard in Resources */ = {isa = PBXBuildFile; fileRef = D4A9E90C243E8E00001228F7 /* LaunchScreen.storyboard */; };
		D4A9E919243E8E00001228F7 /* DropblocksTests.swift in Sources */ = {isa = PBXBuildFile; fileRef = D4A9E918243E8E00001228F7 /* DropblocksTests.swift */; };
/* End PBXBuildFile section */

/* Begin PBXContainerItemProxy section */
		D4A9E915243E8E00001228F7 /* PBXContainerItemProxy */ = {
			isa = PBXContainerItemProxy;
			containerPortal = D4A9E8F2243E8DFA001228F7 /* Project object */;
			proxyType = 1;
			remoteGlobalIDString = D4A9E8F9243E8DFA001228F7;
			remoteInfo = Dropblocks;
		};
/* End PBXContainerItemProxy section */

/* Begin PBXFileReference section */
		D4A9E8FA243E8DFA001228F7 /* Dropblocks.app */ = {isa = PBXFileReference; explicitFileType = wrapper.application; includeInIndex = 0; path = Dropblocks.app; sourceTree = BUILT_PRODUCTS_DIR; };
		D4A9E8FD243E8DFA001228F7 /* AppDelegate.swift */ = {isa = PBXFileReference; lastKnownFileType = sourcecode.swift; path = AppDelegate.swift; sourceTree = "<group>"; };
		D4A9E8FF243E8DFA001228F7 /* GameScene.sks */ = {isa = PBXFileReference; lastKnownFileType = file.sks; path = GameScene.sks; sourceTree = "<group>"; };
		D4A9E901243E8DFA001228F7 /* Actions.sks */ = {isa = PBXFileReference; lastKnownFileType = file.sks; path = Actions.sks; sourceTree = "<group>"; };
		D4A9E903243E8DFA001228F7 /* GameScene.swift */ = {isa = PBXFileReference; lastKnownFileType = sourcecode.swift; path = GameScene.swift; sourceTree = "<group>"; };
		D4A9E905243E8DFA001228F7 /* GameViewController.swift */ = {isa = PBXFileReference; lastKnownFileType = sourcecode.swift; path = GameViewController.swift; sourceTree = "<group>"; };
		D4A9E908243E8DFB001228F7 /* Base */ = {isa = PBXFileReference; lastKnownFileType = file.storyboard; name = Base; path = Base.lproj/Main.storyboard; sourceTree = "<group>"; };
		D4A9E90A243E8E00001228F7 /* Assets.xcassets */ = {isa = PBXFileReference; lastKnownFileType = folder.assetcatalog; path = Assets.xcassets; sourceTree = "<group>"; };
		D4A9E90D243E8E00001228F7 /* Base */ = {isa = PBXFileReference; lastKnownFileType = file.storyboard; name = Base; path = Base.lproj/LaunchScreen.storyboard; sourceTree = "<group>"; };
		D4A9E90F243E8E00001228F7 /* Info.plist */ = {isa = PBXFileReference; lastKnownFileType = text.plist.xml; path = Info.plist; sourceTree = "<group>"; };
		D4A9E914243E8E00001228F7 /* DropblocksTests.xctest */ = {isa = PBXFileReference; explicitFileType = wrapper.cfbundle; includeInIndex = 0; path = DropblocksTests.xctest; sourceTree = BUILT_PRODUCTS_DIR; };
		D4A9E918243E8E00001228F7 /* DropblocksTests.swift */ = {isa = PBXFileReference; lastKnownFileType = sourcecode.swift; path = DropblocksTests.swift; sourceTree = "<group>"; };
		D4A9E91A243E8E00001228F7 /* Info.plist */ = {isa = PBXFileReference; lastKnownFileType = text.plist.xml; path = Info.plist; sourceTree = "<group>"; };
/* End PBXFileReference section */

/* Begin PBXFrameworksBuildPhase section */
		D4A9E8F7243E8DFA001228F7 /* Frameworks */ = {
			isa = PBXFrameworksBuildPhase;
			buildActionMask = 2147483647;
			files = (
			);
			runOnlyForDeploymentPostprocessing = 0;
		};
		D4A9E911243E8E00001228F7 /* Frameworks */ = {
			isa = PBXFrameworksBuildPhase;
			buildActionMask = 2147483647;
			files = (
			);
			runOnlyForDeploymentPostprocessing = 0;
		};
/* End PBXFrameworksBuildPhase section */

/* Begin PBXGroup section */
		D4A9E8F1243E8DFA001228F7 = {
			isa = PBXGroup;
			children = (
				D4A9E8FC243E8DFA001228F7 /* Dropblocks */,
				D4A9E917243E8E00001228F7 /* DropblocksTests */,
				D4A9E8FB243E8DFA001228F7 /* Products */,
			);
			sourceTree = "<group>";
		};
		D4A9E8FB243E8DFA001228F7 /* Products */ = {
			isa = PBXGroup;
			children = (
				D4A9E8FA243E8DFA001228F7 /* Dropblocks.app */,
				D4A9E914243E8E00001228F7 /* DropblocksTests.xctest */,
			);
			name = Products;
			sourceTree = "<group>";
		};
		D4A9E8FC243E8DFA001228F7 /* Dropblocks */ = {
			isa = PBXGroup;
			children = (
				D4A9E8FD243E8DFA001228F7 /* AppDelegate.swift */,
				D4A9E8FF243E8DFA001228F7 /* GameScene.sks */,
				D4A9E901243E8DFA001228F7 /* Actions.sks */,
				D4A9E903243E8DFA001228F7 /* GameScene.swift */,
				D4A9E905243E8DFA001228F7 /* GameViewController.swift */,
				D4A9E907243E8DFB001228F7 /* Main.storyboard */,
				D4A9E90A243E8E00001228F7 /* Assets.xcassets */,
				D4A9E90C243E8E00001228F7 /* LaunchScreen.storyboard */,
				D4A9E90F243E8E00001228F7 /* Info.plist */,
			);
			path = Dropblocks;
			sourceTree = "<group>";
		};
		D4A9E917243E8E00001228F7 /* DropblocksTests */ = {
			isa = PBXGroup;
			children = (
				D4A9E918243E8E00001228F7 /* DropblocksTests.swift */,
				D4A9E91A243E8E00001228F7 /* Info.plist */,
			);
			path = DropblocksTests;
			sourceTree = "<group>";
		};
/* End PBXGroup section */

/* Begin PBXNativeTarget section */
		D4A9E8F9243E8DFA001228F7 /* Dropblocks */ = {
			isa = PBXNativeTarget;
			buildConfigurationList = D4A9E91D243E8E00001228F7 /* Build configuration list for PBXNativeTarget "Dropblocks" */;
			buildPhases = (
				D4A9E8F6243E8DFA001228F7 /* Sources */,
				D4A9E8F7243E8DFA001228F7 /* Frameworks */,
				D4A9E8F8243E8DFA001228F7 /* Resources */,
			);
			buildRules = (
			);
			dependencies = (
			);
			name = Dropblocks;
			productName = Dropblocks;
			productReference = D4A9E8FA243E8DFA001228F7 /* Dropblocks.app */;
			productType = "com.apple.product-type.application";
		};
		D4A9E913243E8E00001228F7 /* DropblocksTests */ = {
			isa = PBXNativeTarget;
			buildConfigurationList = D4A9E920243E8E00001228F7 /* Build configuration list for PBXNativeTarget "DropblocksTests" */;
			buildPhases = (
				D4A9E910243E8E00001228F7 /* Sources */,
				D4A9E911243E8E00001228F7 /* Frameworks */,
				D4A9E912243E8E00001228F7 /* Resources */,
			);
			buildRules = (
			);
			dependencies = (
				D4A9E916243E8E00001228F7 /* PBXTargetDependency */,
			);
			name = DropblocksTests;
			productName = DropblocksTests;
			productReference = D4A9E914243E8E00001228F7 /* DropblocksTests.xctest */;
			productType = "com.apple.product-type.bundle.unit-test";
		};
/* End PBXNativeTarget section */

/* Begin PBXProject section */
		D4A9E8F2243E8DFA001228F7 /* Project object */ = {
			isa = PBXProject;
			attributes = {
				LastSwiftUpdateCheck = 1100;
				LastUpgradeCheck = 1100;
				ORGANIZATIONNAME = "Bailey Firman";
				TargetAttributes = {
					D4A9E8F9243E8DFA001228F7 = {
						CreatedOnToolsVersion = 11.0;
					};
					D4A9E913243E8E00001228F7 = {
						CreatedOnToolsVersion = 11.0;
						TestTargetID = D4A9E8F9243E8DFA001228F7;
					};
				};
			};
			buildConfigurationList = D4A9E8F5243E8DFA001228F7 /* Build configuration list for PBXProject "Dropblocks" */;
			compatibilityVersion = "Xcode 9.3";
			developmentRegion = en;
			hasScannedForEncodings = 0;
			knownRegions = (
				en,
				Base,
			);
			mainGroup = D4A9E8F1243E8DFA001228F7;
			productRefGroup = D4A9E8FB243E8DFA001228F7 /* Products */;
			projectDirPath = "";
			projectRoot = "";
			targets = (
				D4A9E8F9243E8DFA001228F7 /* Dropblocks */,
				D4A9E913243E8E00001228F7 /* DropblocksTests */,
			);
		};
/* End PBXProject section */

/* Begin PBXResourcesBuildPhase section */
		D4A9E8F8243E8DFA001228F7 /* Resources */ = {
			isa = PBXResourcesBuildPhase;
			buildActionMask = 2147483647;
			files = (
				D4A9E909243E8DFB001228F7 /* Main.storyboard in Resources */,
				D4A9E900243E8DFA001228F7 /* GameScene.sks in Resources */,
				D4A9E90B243E8E00001228F7 /* Assets.xcassets in Resources */,
				D4A9E90E243E8E00001228F7 /* LaunchScreen.storyboard in Resources */,
				D4A9E902243E8DFA001228F7 /* Actions.sks in Resources */,
			);
			runOnlyForDeploymentPostprocessing = 0;
		};
		D4A9E912243E8E00001228F7 /* Resources */ = {
			isa = PBXResourcesBuildPhase;
			buildActionMask = 2147483647;
			files = (
			);
			runOnlyForDeploymentPostprocessing = 0;
		};
/* End PBXResourcesBuildPhase section */

/* Begin PBXSourcesBuildPhase section */
		D4A9E8F6243E8DFA001228F7 /* Sources */ = {
			isa = PBXSourcesBuildPhase;
			buildActionMask = 2147483647;
			files = (
				D4A9E904243E8DFA001228F7 /* GameScene.swift in Sources */,
				D4A9E906243E8DFB001228F7 /* GameViewController.swift in Sources */,
				D4A9E8FE243E8DFA001228F7 /* AppDelegate.swift in Sources */,
			);
			runOnlyForDeploymentPostprocessing = 0;
		};
		D4A9E910243E8E00001228F7 /* Sources */ = {
			isa = PBXSourcesBuildPhase;
			buildActionMask = 2147483647;
			files = (
				D4A9E919243E8E00001228F7 /* DropblocksTests.swift in Sources */,
			);
			runOnlyForDeploymentPostprocessing = 0;
		};
/* End PBXSourcesBuildPhase section */

/* Begin PBXTargetDependency section */
		D4A9E916243E8E00001228F7 /* PBXTargetDependency */ = {
			isa = PBXTargetDependency;
			target = D4A9E8F9243E8DFA001228F7 /* Dropblocks */;
			targetProxy = D4A9E915243E8E00001228F7 /* PBXContainerItemProxy */;
		};
/* End PBXTargetDependency section */

/* Begin PBXVariantGroup section */
		D4A9E907243E8DFB001228F7 /* Main.storyboard */ = {
			isa = PBXVariantGroup;
			children = (
				D4A9E908243E8DFB001228F7 /* Base */,
			);
			name = Main.storyboard;
			sourceTree = "<group>";
		};
		D4A9E90C243E8E00001228F7 /* LaunchScreen.storyboard */ = {
			isa = PBXVariantGroup;
			children = (
				D4A9E90D243E8E00001228F7 /* Base */,
			);
			name = LaunchScreen.storyboard;
			sourceTree = "<group>";
		};
/* End PBXVariantGroup section */

/* Begin XCBuildConfiguration section */
		D4A9E91B243E8E00001228F7 /* Debug */ = {
			isa = XCBuildConfiguration;
			buildSettings = {
				ALWAYS_SEARCH_USER_PATHS = NO;
				CLANG_ANALYZER_NONNULL = YES;
				CLANG_ANALYZER_NUMBER_OBJECT_CONVERSION = YES_AGGRESSIVE;
				CLANG_CXX_LANGUAGE_STANDARD = "gnu++14";
				CLANG_CXX_LIBRARY = "libc++";
				CLANG_ENABLE_MODULES = YES;
				CLANG_ENABLE_OBJC_ARC = YES;
				CLANG_ENABLE_OBJC_WEAK = YES;
				CLANG_WARN_BLOCK_CAPTURE_AUTORELEASING = YES;
				CLANG_WARN_BOOL_CONVERSION = YES;
				CLANG_WARN_COMMA = YES;
				CLANG_WARN_CONSTANT_CONVERSION = YES;
				CLANG_WARN_DEPRECATED_OBJC_IMPLEMENTATIONS = YES;
				CLANG_WARN_DIRECT_OBJC_ISA_USAGE = YES_ERROR;
				CLANG_WARN_DOCUMENTATION_COMMENTS = YES;
				CLANG_WARN_EMPTY_BODY = YES;
				CLANG_WARN_ENUM_CONVERSION = YES;
				CLANG_WARN_INFINITE_RECURSION = YES;
				CLANG_WARN_INT_CONVERSION = YES;
				CLANG_WARN_NON_LITERAL_NULL_CONVERSION = YES;
				CLANG_WARN_OBJC_IMPLICIT_RETAIN_SELF = YES;
				CLANG_WARN_OBJC_LITERAL_CONVERSION = YES;
				CLANG_WARN_OBJC_ROOT_CLASS = YES_ERROR;
				CLANG_WARN_RANGE_LOOP_ANALYSIS = YES;
				CLANG_WARN_STRICT_PROTOTYPES = YES;
				CLANG_WARN_SUSPICIOUS_MOVE = YES;
				CLANG_WARN_UNGUARDED_AVAILABILITY = YES_AGGRESSIVE;
				CLANG_WARN_UNREACHABLE_CODE = YES;
				CLANG_WARN__DUPLICATE_METHOD_MATCH = YES;
				COPY_PHASE_STRIP = NO;
				DEBUG_INFORMATION_FORMAT = dwarf;
				ENABLE_STRICT_OBJC_MSGSEND = YES;
				ENABLE_TESTABILITY = YES;
				GCC_C_LANGUAGE_STANDARD = gnu11;
				GCC_DYNAMIC_NO_PIC = NO;
				GCC_NO_COMMON_BLOCKS = YES;
				GCC_OPTIMIZATION_LEVEL = 0;
				GCC_PREPROCESSOR_DEFINITIONS = (
					"DEBUG=1",
					"$(inherited)",
				);
				GCC_WARN_64_TO_32_BIT_CONVERSION = YES;
				GCC_WARN_ABOUT_RETURN_TYPE = YES_ERROR;
				GCC_WARN_UNDECLARED_SELECTOR = YES;
				GCC_WARN_UNINITIALIZED_AUTOS = YES_AGGRESSIVE;
				GCC_WARN_UNUSED_FUNCTION = YES;
				GCC_WARN_UNUSED_VARIABLE = YES;
				IPHONEOS_DEPLOYMENT_TARGET = 13.0;
				MTL_ENABLE_DEBUG_INFO = INCLUDE_SOURCE;
				MTL_FAST_MATH = YES;
				ONLY_ACTIVE_ARCH = YES;
				SDKROOT = iphoneos;
				SWIFT_ACTIVE_COMPILATION_CONDITIONS = DEBUG;
				SWIFT_OPTIMIZATION_LEVEL = "-Onone";
			};
			name = Debug;
		};
		D4A9E91C243E8E00001228F7 /* Release */ = {
			isa = XCBuildConfiguration;
			buildSettings = {
				ALWAYS_SEARCH_USER_PATHS = NO;
				CLANG_ANALYZER_NONNULL = YES;
				CLANG_ANALYZER_NUMBER_OBJECT_CONVERSION = YES_AGGRESSIVE;
				CLANG_CXX_LANGUAGE_STANDARD = "gnu++14";
				CLANG_CXX_LIBRARY = "libc++";
				CLANG_ENABLE_MODULES = YES;
				CLANG_ENABLE_OBJC_ARC = YES;
				CLANG_ENABLE_OBJC_WEAK = YES;
				CLANG_WARN_BLOCK_CAPTURE_AUTORELEASING = YES;
				CLANG_WARN_BOOL_CONVERSION = YES;
				CLANG_WARN_COMMA = YES;
				CLANG_WARN_CONSTANT_CONVERSION = YES;
				CLANG_WARN_DEPRECATED_OBJC_IMPLEMENTATIONS = YES;
				CLANG_WARN_DIRECT_OBJC_ISA_USAGE = YES_ERROR;
				CLANG_WARN_DOCUMENTATION_COMMENTS = YES;
				CLANG_WARN_EMPTY_BODY = YES;
				CLANG_WARN_ENUM_CONVERSION = YES;
				CLANG_WARN_INFINITE_RECURSION = YES;
				CLANG_WARN_INT_CONVERSION = YES;
				CLANG_WARN_NON_LITERAL_NULL_CONVERSION = YES;
				CLANG_WARN_OBJC_IMPLICIT_RETAIN_SELF = YES;
				CLANG_WARN_OBJC_LITERAL_CONVERSION = YES;
				CLANG_WARN_OBJC_ROOT_CLASS = YES_ERROR;
				CLANG_WARN_RANGE_LOOP_ANALYSIS = YES;
				CLANG_WARN_STRICT_PROTOTYPES = YES;
				CLANG_WARN_SUSPICIOUS_MOVE = YES;
				CLANG_WARN_UNGUARDED_AVAILABILITY = YES_AGGRESSIVE;
				CLANG_WARN_UNREACHABLE_CODE = YES;
				CLANG_WARN__DUPLICATE_METHOD_MATCH = YES;
				COPY_PHASE_STRIP = NO;
				DEBUG_INFORMATION_FORMAT = "dwarf-with-dsym";
				ENABLE_NS_ASSERTIONS = NO;
				ENABLE_STRICT_OBJC_MSGSEND = YES;
				GCC_C_LANGUAGE_STANDARD = gnu11;
				GCC_NO_COMMON_BLOCKS = YES;
				GCC_WARN_64_TO_32_BIT_CONVERSION = YES;
				GCC_WARN_ABOUT_RETURN_TYPE = YES_ERROR;
				GCC_WARN_UNDECLARED_SELECTOR = YES;
				GCC_WARN_UNINITIALIZED_AUTOS = YES_AGGRESSIVE;
				GCC_WARN_UNUSED_FUNCTION = YES;
				GCC_WARN_UNUSED_VARIABLE = YES;
				IPHONEOS_DEPLOYMENT_TARGET = 13.0;
				MTL_ENABLE_DEBUG_INFO = NO;
				MTL_FAST_MATH = YES;
				SDKROOT = iphoneos;
				SWIFT_COMPILATION_MODE = wholemodule;
				SWIFT_OPTIMIZATION_LEVEL = "-O";
				VALIDATE_PRODUCT = YES;
			};
			name = Release;
		};
		D4A9E91E243E8E00001228F7 /* Debug */ = {
			isa = XCBuildConfiguration;
			buildSettings = {
				ASSETCATALOG_COMPILER_APPICON_NAME = AppIcon;
				CODE_SIGN_STYLE = Automatic;
				DEVELOPMENT_TEAM = JMY9498NW5;
				INFOPLIST_FILE = Dropblocks/Info.plist;
				LD_RUNPATH_SEARCH_PATHS = (
					"$(inherited)",
					"@executable_path/Frameworks",
				);
				PRODUCT_BUNDLE_IDENTIFIER = com.firman.Dropblocks;
				PRODUCT_NAME = "$(TARGET_NAME)";
				SWIFT_VERSION = 5.0;
				TARGETED_DEVICE_FAMILY = "1,2";
			};
			name = Debug;
		};
		D4A9E91F243E8E00001228F7 /* Release */ = {
			isa = XCBuildConfiguration;
			buildSettings = {
				ASSETCATALOG_COMPILER_APPICON_NAME = AppIcon;
				CODE_SIGN_STYLE = Automatic;
				DEVELOPMENT_TEAM = JMY9498NW5;
				INFOPLIST_FILE = Dropblocks/Info.plist;
				LD_RUNPATH_SEARCH_PATHS = (
					"$(inherited)",
					"@executable_path/Frameworks",
				);
				PRODUCT_BUNDLE_IDENTIFIER = com.firman.Dropblocks;
				PRODUCT_NAME = "$(TARGET_NAME)";
				SWIFT_VERSION = 5.0;
				TARGETED_DEVICE_FAMILY = "1,2";
			};
			name = Release;
		};
		D4A9E921243E8E00001228F7 /* Debug */ = {
			isa = XCBuildConfiguration;
			buildSettings = {
				ALWAYS_EMBED_SWIFT_STANDARD_LIBRARIES = YES;
				BUNDLE_LOADER = "$(TEST_HOST)";
				CODE_SIGN_STYLE = Automatic;
				DEVELOPMENT_TEAM = JMY9498NW5;
				INFOPLIST_FILE = DropblocksTests/Info.plist;
				IPHONEOS_DEPLOYMENT_TARGET = 13.0;
				LD_RUNPATH_SEARCH_PATHS = (
					"$(inherited)",
					"@executable_path/Frameworks",
					"@loader_path/Frameworks",
				);
				PRODUCT_BUNDLE_IDENTIFIER = com.firman.DropblocksTests;
				PRODUCT_NAME = "$(TARGET_NAME)";
				SWIFT_VERSION = 5.0;
				TARGETED_DEVICE_FAMILY = "1,2";
				TEST_HOST = "$(BUILT_PRODUCTS_DIR)/Dropblocks.app/Dropblocks";
			};
			name = Debug;
		};
		D4A9E922243E8E00001228F7 /* Release */ = {
			isa = XCBuildConfiguration;
			buildSettings = {
				ALWAYS_EMBED_SWIFT_STANDARD_LIBRARIES = YES;
				BUNDLE_LOADER = "$(TEST_HOST)";
				CODE_SIGN_STYLE = Automatic;
				DEVELOPMENT_TEAM = JMY9498NW5;
				INFOPLIST_FILE = DropblocksTests/Info.plist;
				IPHONEOS_DEPLOYMENT_TARGET = 13.0;
				LD_RUNPATH_SEARCH_PATHS = (
					"$(inherited)",
					"@executable_path/Frameworks",
					"@loader_path/Frameworks",
				);
				PRODUCT_BUNDLE_IDENTIFIER = com.firman.DropblocksTests;
				PRODUCT_NAME = "$(TARGET_NAME)";
				SWIFT_VERSION = 5.0;
				TARGETED_DEVICE_FAMILY = "1,2";
				TEST_HOST = "$(BUILT_PRODUCTS_DIR)/Dropblocks.app/Dropblocks";
			};
			name = Release;
		};
/* End XCBuildConfiguration section */

/* Begin XCConfigurationList section */
		D4A9E8F5243E8DFA001228F7 /* Build configuration list for PBXProject "Dropblocks" */ = {
			isa = XCConfigurationList;
			buildConfigurations = (
				D4A9E91B243E8E00001228F7 /* Debug */,
				D4A9E91C243E8E00001228F7 /* Release */,
			);
			defaultConfigurationIsVisible = 0;
			defaultConfigurationName = Release;
		};
		D4A9E91D243E8E00001228F7 /* Build configuration list for PBXNativeTarget "Dropblocks" */ = {
			isa = XCConfigurationList;
			buildConfigurations = (
				D4A9E91E243E8E00001228F7 /* Debug */,
				D4A9E91F243E8E00001228F7 /* Release */,
			);
			defaultConfigurationIsVisible = 0;
			defaultConfigurationName = Release;
		};
		D4A9E920243E8E00001228F7 /* Build configuration list for PBXNativeTarget "DropblocksTests" */ = {
			isa = XCConfigurationList;
			buildConfigurations = (
				D4A9E921243E8E00001228F7 /* Debug */,
				D4A9E922243E8E00001228F7 /* Release */,
			);
			defaultConfigurationIsVisible = 0;
			defaultConfigurationName = Release;
		};
/* End XCConfigurationList section */
	};
	rootObject = D4A9E8F2243E8DFA001228F7 /* Project object */;
}
